
Microsoft Visual Studio Solution File, Format Version 12.00
# Visual Studio 15
VisualStudioVersion = 15.0.28010.2048
MinimumVisualStudioVersion = 10.0.40219.1
Project("{FAE04EC0-301F-11D3-BF4B-00C04F79EFBC}") = "DarkSky.Client", "src\DarkSky.Client\DarkSky.Client.csproj", "{2F02C03F-4A57-404D-BF72-B4D647D2AE33}"
EndProject
Project("{FAE04EC0-301F-11D3-BF4B-00C04F79EFBC}") = "DarkSky.Ui.Desktop", "src\DarkSky.Ui.Desktop\DarkSky.Ui.Desktop.csproj", "{9CA7D3A7-AC2C-4E71-8DC4-C6F486AB38A4}"
EndProject
Project("{2150E333-8FDC-42A3-9474-1A3956D46DE8}") = "solutionitems", "solutionitems", "{0FB2F7BB-8BD1-4334-8955-A51DF4E42EFB}"
	ProjectSection(SolutionItems) = preProject
		readme.md = readme.md
	EndProjectSection
EndProject
Global
	GlobalSection(SolutionConfigurationPlatforms) = preSolution
		Debug|Any CPU = Debug|Any CPU
		Release|Any CPU = Release|Any CPU
	EndGlobalSection
	GlobalSection(ProjectConfigurationPlatforms) = postSolution
		{2F02C03F-4A57-404D-BF72-B4D647D2AE33}.Debug|Any CPU.ActiveCfg = Debug|Any CPU
		{2F02C03F-4A57-404D-BF72-B4D647D2AE33}.Debug|Any CPU.Build.0 = Debug|Any CPU
		{2F02C03F-4A57-404D-BF72-B4D647D2AE33}.Release|Any CPU.ActiveCfg = Release|Any CPU
		{2F02C03F-4A57-404D-BF72-B4D647D2AE33}.Release|Any CPU.Build.0 = Release|Any CPU
		{9CA7D3A7-AC2C-4E71-8DC4-C6F486AB38A4}.Debug|Any CPU.ActiveCfg = Debug|Any CPU
		{9CA7D3A7-AC2C-4E71-8DC4-C6F486AB38A4}.Debug|Any CPU.Build.0 = Debug|Any CPU
		{9CA7D3A7-AC2C-4E71-8DC4-C6F486AB38A4}.Release|Any CPU.ActiveCfg = Release|Any CPU
		{9CA7D3A7-AC2C-4E71-8DC4-C6F486AB38A4}.Release|Any CPU.Build.0 = Release|Any CPU
	EndGlobalSection
	GlobalSection(SolutionProperties) = preSolution
		HideSolutionNode = FALSE
	EndGlobalSection
	GlobalSection(ExtensibilityGlobals) = postSolution
		SolutionGuid = {9F2410E3-E880-4402-9919-E9AAD24E0BF7}
	EndGlobalSection
EndGlobal
